
Microsoft Visual Studio Solution File, Format Version 12.00
# Visual Studio Version 17
VisualStudioVersion = 17.0.31903.59
MinimumVisualStudioVersion = 10.0.40219.1
Project("{9A19103F-16F7-4668-BE54-9A1E7A4F7556}") = "Launcher", "Launcher\Launcher.csproj", "{790DC860-BF9B-46AA-B869-140C0DB64B18}"
	ProjectSection(ProjectDependencies) = postProject
		{FE0A9E6B-CCF6-4D6A-A03D-EC02659A920C} = {FE0A9E6B-CCF6-4D6A-A03D-EC02659A920C}
	EndProjectSection
EndProject
Project("{9A19103F-16F7-4668-BE54-9A1E7A4F7556}") = "Updater", "Updater\Updater.csproj", "{FE0A9E6B-CCF6-4D6A-A03D-EC02659A920C}"
EndProject
Project("{9A19103F-16F7-4668-BE54-9A1E7A4F7556}") = "ServerPrepare", "ServerPrepare\ServerPrepare.csproj", "{D98979EF-3C92-40E2-B6E2-114580B79313}"
EndProject
Project("{FAE04EC0-301F-11D3-BF4B-00C04F79EFBC}") = "Config", "Config\Config.csproj", "{4EA5B781-119D-402E-B4C8-A3F3266AC17D}"
EndProject
Global
	GlobalSection(SolutionConfigurationPlatforms) = preSolution
		Debug|Any CPU = Debug|Any CPU
		Release|Any CPU = Release|Any CPU
	EndGlobalSection
	GlobalSection(ProjectConfigurationPlatforms) = postSolution
		{790DC860-BF9B-46AA-B869-140C0DB64B18}.Debug|Any CPU.ActiveCfg = Debug|Any CPU
		{790DC860-BF9B-46AA-B869-140C0DB64B18}.Debug|Any CPU.Build.0 = Debug|Any CPU
		{790DC860-BF9B-46AA-B869-140C0DB64B18}.Release|Any CPU.ActiveCfg = Release|Any CPU
		{790DC860-BF9B-46AA-B869-140C0DB64B18}.Release|Any CPU.Build.0 = Release|Any CPU
		{FE0A9E6B-CCF6-4D6A-A03D-EC02659A920C}.Debug|Any CPU.ActiveCfg = Debug|Any CPU
		{FE0A9E6B-CCF6-4D6A-A03D-EC02659A920C}.Debug|Any CPU.Build.0 = Debug|Any CPU
		{FE0A9E6B-CCF6-4D6A-A03D-EC02659A920C}.Release|Any CPU.ActiveCfg = Release|Any CPU
		{FE0A9E6B-CCF6-4D6A-A03D-EC02659A920C}.Release|Any CPU.Build.0 = Release|Any CPU
		{D98979EF-3C92-40E2-B6E2-114580B79313}.Debug|Any CPU.ActiveCfg = Debug|Any CPU
		{D98979EF-3C92-40E2-B6E2-114580B79313}.Debug|Any CPU.Build.0 = Debug|Any CPU
		{D98979EF-3C92-40E2-B6E2-114580B79313}.Release|Any CPU.ActiveCfg = Release|Any CPU
		{D98979EF-3C92-40E2-B6E2-114580B79313}.Release|Any CPU.Build.0 = Release|Any CPU
		{4EA5B781-119D-402E-B4C8-A3F3266AC17D}.Debug|Any CPU.ActiveCfg = Debug|Any CPU
		{4EA5B781-119D-402E-B4C8-A3F3266AC17D}.Debug|Any CPU.Build.0 = Debug|Any CPU
		{4EA5B781-119D-402E-B4C8-A3F3266AC17D}.Release|Any CPU.ActiveCfg = Release|Any CPU
		{4EA5B781-119D-402E-B4C8-A3F3266AC17D}.Release|Any CPU.Build.0 = Release|Any CPU
	EndGlobalSection
	GlobalSection(SolutionProperties) = preSolution
		HideSolutionNode = FALSE
	EndGlobalSection
	GlobalSection(ExtensibilityGlobals) = postSolution
		SolutionGuid = {42822211-6001-44AF-9A4C-A8E91FA08525}
	EndGlobalSection
EndGlobal
